<?xml version="1.0" encoding="utf-8"?>
<Project ToolsVersion="4.0" xmlns="http://schemas.microsoft.com/developer/msbuild/2003">
  <ItemGroup>
    <Filter Include="Source Files">
      <UniqueIdentifier>{4FC737F1-C7A5-4376-A066-2A32D752A2FF}</UniqueIdentifier>
      <Extensions>cpp;c;cc;cxx;def;odl;idl;hpj;bat;asm;asmx</Extensions>
    </Filter>
    <Filter Include="Header Files">
      <UniqueIdentifier>{93995380-89BD-4b04-88EB-625FBE52EBFB}</UniqueIdentifier>
      <Extensions>h;hh;hpp;hxx;hm;inl;inc;ipp;xsd</Extensions>
    </Filter>
    <Filter Include="Resource Files">
      <UniqueIdentifier>{67DA6AB6-F800-4c08-8B7A-83BB121AAD01}</UniqueIdentifier>
      <Extensions>rc;ico;cur;bmp;dlg;rc2;rct;bin;rgs;gif;jpg;jpeg;jpe;resx;tiff;tif;png;wav;mfcribbon-ms</Extensions>
    </Filter>
    <Filter Include="gtest">
      <UniqueIdentifier>{7e832dfe-1528-4593-96aa-a759eb55a74c}</UniqueIdentifier>
    </Filter>
    <Filter Include="gtest\include">
      <UniqueIdentifier>{910a7ae1-25c6-4899-8fa3-a9cc11cf5192}</UniqueIdentifier>
    </Filter>
    <Filter Include="gtest\src">
      <UniqueIdentifier>{cf2d5a4a-be76-4806-9504-86febec55a6a}</UniqueIdentifier>
    </Filter>
    <Filter Include="Unittests">
      <UniqueIdentifier>{1ee442cc-e745-4d12-9ada-575c33026dd2}</UniqueIdentifier>
    </Filter>
  </ItemGroup>
  <ItemGroup>
    <ClInclude Include="..\..\..\gtest\include\gtest\gtest.h">
      <Filter>gtest\include</Filter>
    </ClInclude>
    <ClInclude Include="..\..\include\cpplinq.h">
      <Filter>Header Files</Filter>
    </ClInclude>
  </ItemGroup>
  <ItemGroup>
    <ClCompile Include="..\..\..\gtest\src\gtest-all.cc">
      <Filter>gtest\src</Filter>
    </ClCompile>
    <ClCompile Include="..\unittests\linq_unittest.cpp">
      <Filter>Unittests</Filter>
    </ClCompile>
    <ClCompile Include="..\src\main.cpp">
      <Filter>Source Files</Filter>
    </ClCompile>
  </ItemGroup>
</Project>